<?xml version="1.0" encoding="utf-8"?>
<Project ToolsVersion="4.0" xmlns="http://schemas.microsoft.com/developer/msbuild/2003">
  <ItemGroup>
    <Filter Include="files">
      <UniqueIdentifier>{c8afdb73-f850-4bb4-8735-0144a20c0be1}</UniqueIdentifier>
    </Filter>
    <Filter Include="dat">
      <UniqueIdentifier>{ea7e2efd-e9c3-49f2-aa8b-275427e95d5d}</UniqueIdentifier>
    </Filter>
  </ItemGroup>
  <ItemGroup>
    <ClInclude Include="connection.h">
      <Filter>files</Filter>
    </ClInclude>
    <ClInclude Include="stdafx.h">
      <Filter>files</Filter>
    </ClInclude>
    <ClInclude Include="netService.h">
      <Filter>files</Filter>
    </ClInclude>
    <ClInclude Include="connectionImpl.h">
      <Filter>files</Filter>
    </ClInclude>
    <ClInclude Include="eventReceiver.h">
      <Filter>files</Filter>
    </ClInclude>
    <ClInclude Include="messageProcedure.h">
      <Filter>files</Filter>
    </ClInclude>
    <ClInclude Include="netServiceAcceptor.h">
      <Filter>files</Filter>
    </ClInclude>
    <ClInclude Include="netServiceImpl.h">
      <Filter>files</Filter>
    </ClInclude>
    <ClInclude Include="netServiceConnector.h">
      <Filter>files</Filter>
    </ClInclude>
    <ClInclude Include="messageBuffer.h">
      <Filter>files</Filter>
    </ClInclude>
    <ClInclude Include="memoryPool.h">
      <Filter>files</Filter>
    </ClInclude>
    <ClInclude Include="xmlParsingSupport.h">
      <Filter>files</Filter>
    </ClInclude>
    <ClInclude Include="logger.h">
      <Filter>files</Filter>
    </ClInclude>
    <ClInclude Include="singleton.h">
      <Filter>files</Filter>
    </ClInclude>
    <ClInclude Include="macros.h">
      <Filter>files</Filter>
    </ClInclude>
    <ClInclude Include="test_interface.h">
      <Filter>files</Filter>
    </ClInclude>
    <ClInclude Include="packetEncType.h">
      <Filter>files</Filter>
    </ClInclude>
    <ClInclude Include="packetParserSimple.h">
      <Filter>files</Filter>
    </ClInclude>
    <ClInclude Include="exceptionCrashDump.h">
      <Filter>files</Filter>
    </ClInclude>
    <ClInclude Include="netUtil.h">
      <Filter>files</Filter>
    </ClInclude>
    <ClInclude Include="threadStaticValue.h">
      <Filter>files</Filter>
    </ClInclude>
    <ClInclude Include="timeUtil.h">
      <Filter>files</Filter>
    </ClInclude>
    <ClInclude Include="flagChecker.h">
      <Filter>files</Filter>
    </ClInclude>
    <ClInclude Include="mssqlConsumer.h">
      <Filter>files</Filter>
    </ClInclude>
  </ItemGroup>
  <ItemGroup>
    <ClCompile Include="stdafx.cpp">
      <Filter>files</Filter>
    </ClCompile>
    <ClCompile Include="connectionImpl.cpp">
      <Filter>files</Filter>
    </ClCompile>
    <ClCompile Include="messageProcedure.cpp">
      <Filter>files</Filter>
    </ClCompile>
    <ClCompile Include="netService.cpp">
      <Filter>files</Filter>
    </ClCompile>
    <ClCompile Include="netServiceAcceptor.cpp">
      <Filter>files</Filter>
    </ClCompile>
    <ClCompile Include="netServiceImpl.cpp">
      <Filter>files</Filter>
    </ClCompile>
    <ClCompile Include="netServiceConnector.cpp">
      <Filter>files</Filter>
    </ClCompile>
    <ClCompile Include="messageBuffer.cpp">
      <Filter>files</Filter>
    </ClCompile>
    <ClCompile Include="logger.cpp">
      <Filter>files</Filter>
    </ClCompile>
    <ClCompile Include="test_interface.cpp">
      <Filter>files</Filter>
    </ClCompile>
    <ClCompile Include="packetParserSimple.cpp">
      <Filter>files</Filter>
    </ClCompile>
    <ClCompile Include="exceptionCrashDump.cpp">
      <Filter>files</Filter>
    </ClCompile>
    <ClCompile Include="netUtil.cpp">
      <Filter>files</Filter>
    </ClCompile>
    <ClCompile Include="timeUtil.cpp">
      <Filter>files</Filter>
    </ClCompile>
    <ClCompile Include="mssqlConsumer.cpp">
      <Filter>files</Filter>
    </ClCompile>
  </ItemGroup>
  <ItemGroup>
    <None Include="..\mln_net_constants.dat">
      <Filter>dat</Filter>
    </None>
  </ItemGroup>
</Project>